
Microsoft Visual Studio Solution File, Format Version 12.00
# Visual Studio Version 16
VisualStudioVersion = 16.0.30204.135
MinimumVisualStudioVersion = 10.0.40219.1
Project("{9A19103F-16F7-4668-BE54-9A1E7A4F7556}") = "RTPPrintApp", "PrintApp\RTPPrintApp.csproj", "{039CB3E3-0BA9-4883-BC9D-AC702DB99FE4}"
EndProject
Global
	GlobalSection(SolutionConfigurationPlatforms) = preSolution
		Debug|Any CPU = Debug|Any CPU
		Release|Any CPU = Release|Any CPU
		Release-OSX|Any CPU = Release-OSX|Any CPU
	EndGlobalSection
	GlobalSection(ProjectConfigurationPlatforms) = postSolution
		{039CB3E3-0BA9-4883-BC9D-AC702DB99FE4}.Debug|Any CPU.ActiveCfg = Debug|Any CPU
		{039CB3E3-0BA9-4883-BC9D-AC702DB99FE4}.Debug|Any CPU.Build.0 = Debug|Any CPU
		{039CB3E3-0BA9-4883-BC9D-AC702DB99FE4}.Release|Any CPU.ActiveCfg = Release|Any CPU
		{039CB3E3-0BA9-4883-BC9D-AC702DB99FE4}.Release|Any CPU.Build.0 = Release|Any CPU
		{039CB3E3-0BA9-4883-BC9D-AC702DB99FE4}.Release-OSX|Any CPU.ActiveCfg = Release-OSX|Any CPU
		{039CB3E3-0BA9-4883-BC9D-AC702DB99FE4}.Release-OSX|Any CPU.Build.0 = Release-OSX|Any CPU
	EndGlobalSection
	GlobalSection(SolutionProperties) = preSolution
		HideSolutionNode = FALSE
	EndGlobalSection
	GlobalSection(ExtensibilityGlobals) = postSolution
		SolutionGuid = {CC484CCA-74A3-44C0-8665-4AFD6E22DC2F}
	EndGlobalSection
EndGlobal
